
Microsoft Visual Studio Solution File, Format Version 12.00
# Visual Studio Version 17
VisualStudioVersion = 17.14.36301.6 d17.14
MinimumVisualStudioVersion = 10.0.40219.1
Project("{151D2E53-A2C4-4D7D-83FE-D05416EBD58E}") = "AzureResourceGroup1", "AzureResourceGroup1\AzureResourceGroup1.deployproj", "{8D8AF076-4278-4588-BD67-90A8A604EA63}"
EndProject
Global
	GlobalSection(SolutionConfigurationPlatforms) = preSolution
		Debug|Any CPU = Debug|Any CPU
		Release|Any CPU = Release|Any CPU
	EndGlobalSection
	GlobalSection(ProjectConfigurationPlatforms) = postSolution
		{8D8AF076-4278-4588-BD67-90A8A604EA63}.Debug|Any CPU.ActiveCfg = Debug|Any CPU
		{8D8AF076-4278-4588-BD67-90A8A604EA63}.Debug|Any CPU.Build.0 = Debug|Any CPU
		{8D8AF076-4278-4588-BD67-90A8A604EA63}.Release|Any CPU.ActiveCfg = Release|Any CPU
		{8D8AF076-4278-4588-BD67-90A8A604EA63}.Release|Any CPU.Build.0 = Release|Any CPU
	EndGlobalSection
	GlobalSection(SolutionProperties) = preSolution
		HideSolutionNode = FALSE
	EndGlobalSection
	GlobalSection(ExtensibilityGlobals) = postSolution
		SolutionGuid = {F0D854B3-E74F-48FC-8FE7-FC79AA3EAF13}
	EndGlobalSection
EndGlobal
